[{<<"antidote_pb">>,
  {git,"git://github.com/syncfree/antidote_pb",
       {ref,"c09379bdcf09e1fd07a5419cad79cafd7923f6c4"}},
  0},
 {<<"basho_stats">>,
  {git,"git://github.com/basho/basho_stats.git",
       {ref,"19c532af235ae675439d491b329c55c2f9b02deb"}},
  1},
 {<<"bear">>,
  {git,"git://github.com/basho/bear.git",
       {ref,"da820a13c607c3f816ee8b83c587266da5389761"}},
  3},
 {<<"clique">>,
  {git,"git://github.com/basho/clique.git",
       {ref,"e332c8fff7742ca33ffe02da62d551878301b79e"}},
  1},
 {<<"cuttlefish">>,
  {git,"git://github.com/basho/cuttlefish.git",
       {ref,"a463682ba86e9f49404dd72bb052e6e0c4b40839"}},
  2},
 {<<"edown">>,
  {git,"git://github.com/uwiger/edown.git",
       {ref,"d62ec85281e451a46ba30045917c119d65b72a84"}},
  3},
 {<<"eleveldb">>,
  {git,"git://github.com/basho/eleveldb.git",
       {ref,"0537ca9366e9b0bfa2fea0b68734d476c48a78fa"}},
  1},
 {<<"erlzmq">>,
  {git,"git://github.com/tcrain/erlzmq2",
       {ref,"95bb40064d3d7b252c57987f23fd67a870028db1"}},
  0},
 {<<"exometer_core">>,
  {git,"git://github.com/basho/exometer_core.git",
       {ref,"b47a5d65d9500c2b8f6ccc50e34005503589ef77"}},
  1},
 {<<"folsom">>,
  {git,"git://github.com/basho/folsom.git",
       {ref,"72944523b6467c9f7add5f1c96dd5020424a2681"}},
  2},
 {<<"getopt">>,
  {git,"git://github.com/jcomellas/getopt.git",
       {ref,"388dc95caa7fb97ec7db8cfc39246a36aba61bd8"}},
  3},
 {<<"goldrush">>,
  {git,"git://github.com/DeadZen/goldrush.git",
       {ref,"71e63212f12c25827e0c1b4198d37d5d018a7fec"}},
  1},
 {<<"lager">>,
  {git,"git://github.com/basho/lager",
       {ref,"b6b6cebcb27ccff8acc59ae775acebc2f52e4926"}},
  0},
 {<<"meck">>,
  {git,"git://github.com/basho/meck.git",
       {ref,"dde759050eff19a1a80fd854d7375174b191665d"}},
  2},
 {<<"mochiweb">>,
  {git,"git://github.com/basho/mochiweb.git",
       {ref,"ade2a9b29a11034eb550c1d79b4f991bf5ca05ba"}},
  2},
 {<<"neotoma">>,
  {git,"git://github.com/seancribbs/neotoma.git",
       {ref,"6ac6007c7713712a80096de5c7cdf5b85b01374e"}},
  3},
 {<<"parse_trans">>,
  {git,"git://github.com/uwiger/parse_trans.git",
       {ref,"82cc00264aa1bad8fc5c0739b7541feb4a843432"}},
  2},
 {<<"pbkdf2">>,
  {git,"git://github.com/basho/erlang-pbkdf2.git",
       {ref,"7076584f5377e98600a7e2cb81980b2992fb2f71"}},
  1},
 {<<"poolboy">>,
  {git,"git://github.com/basho/poolboy.git",
       {ref,"8bb45fbc715c5f493642a1cc572ec7017d0d5fa3"}},
  1},
 {<<"protobuffs">>,
  {git,"git://github.com/basho/erlang_protobuffs.git",
       {ref,"f88fc3c6881687432ddd5546b3c7b08009dfb26f"}},
  1},
 {<<"riak_api">>,
  {git,"git://github.com/basho/riak_api",
       {ref,"54a1ed5d464e5a879624cd1d55e2c251c75290c7"}},
  0},
 {<<"riak_core">>,
  {git,"git://github.com/project-fifo/riak_core",
       {ref,"b02ab53a457eed52114dcdb388e0974dafdb04bc"}},
  0},
 {<<"riak_dt">>,
  {git,"git://github.com/aletomsic/riak_dt",
       {ref,"86cfe29db5495eaafdb241f168d27a29db90e4cf"}},
  0},
 {<<"riak_ensemble">>,
  {git,"git://github.com/basho/riak_ensemble",
       {ref,"1a79eed4b50eb044dc72f8a15b6ae2d9b63e3387"}},
  1},
 {<<"riak_pb">>,
  {git,"git://github.com/syncfree/riak_pb",
       {ref,"551199c8e8993d1744a8ec99e55bd61603fb7852"}},
  0},
 {<<"riak_sysmon">>,
  {git,"git://github.com/basho/riak_sysmon.git",
       {ref,"cd11a7480c1e584a34d0438c2bcfde48c6f65a51"}},
  1},
 {<<"setup">>,
  {git,"git://github.com/uwiger/setup.git",
       {ref,"51ee7c9f64d2bbe9dcbb58c278e8fbfd4d0ca5e2"}},
  2},
 {<<"webmachine">>,
  {git,"git://github.com/basho/webmachine.git",
       {ref,"7677c240f4a7ed020f4bab48278224966bb42311"}},
  1}].
