{"1.1.0",
[{<<"accept">>,{pkg,<<"accept">>,<<"0.3.0">>},2},
 {<<"amqp_client">>,{pkg,<<"amqp_client">>,<<"3.7.14">>},1},
 {<<"antidote_channels">>,
  {git,"https://github.com/AntidoteDB/antidote_channels",
       {ref,"7905e1ac2e9e3e3f9a4f79b9c54c3dcf0451f154"}},
  0},
 {<<"antidote_crdt">>,{pkg,<<"antidote_crdt">>,<<"0.1.2">>},0},
 {<<"antidote_pb_codec">>,{pkg,<<"antidote_pb_codec">>,<<"0.1.2">>},0},
 {<<"antidote_stats">>,
  {git,"https://github.com/AntidoteDB/antidote_stats",
       {ref,"7c1d82ec3255aabb59a7c23c9f86deec277d034a"}},
  0},
 {<<"antidotec_pb">>,{pkg,<<"antidotec_pb">>,<<"0.2.9">>},0},
 {<<"elli">>,{pkg,<<"elli">>,<<"3.2.0">>},1},
 {<<"elli_prometheus">>,{pkg,<<"elli_prometheus">>,<<"0.1.1">>},1},
 {<<"erlzmq">>,
  {git,"https://github.com/zeromq/erlzmq2",
       {ref,"573d583930c4b1134e504bec83926d188112b401"}},
  1},
 {<<"goldrush">>,{pkg,<<"goldrush">>,<<"0.1.9">>},4},
 {<<"jsx">>,{pkg,<<"jsx">>,<<"2.9.0">>},3},
 {<<"lager">>,{pkg,<<"lager">>,<<"3.6.9">>},3},
 {<<"poolboy">>,{pkg,<<"poolboy">>,<<"1.5.2">>},1},
 {<<"prometheus">>,{pkg,<<"prometheus">>,<<"4.4.1">>},1},
 {<<"prometheus_process_collector">>,
  {pkg,<<"prometheus_process_collector">>,<<"1.4.3">>},
  1},
 {<<"rabbit_common">>,{pkg,<<"rabbit_common">>,<<"3.7.14">>},2},
 {<<"ranch">>,{pkg,<<"ranch">>,<<"1.7.1">>},0},
 {<<"recon">>,{pkg,<<"recon">>,<<"2.4.0">>},3},
 {<<"riak_core">>,
  {git,"https://github.com/riak-core-lite/riak_core_lite",
       {ref,"9194861f5857aa1d0773807a9b0d48a55b3314b8"}},
  0},
 {<<"vectorclock">>,{pkg,<<"vectorclock">>,<<"0.2.0">>},0}]}.
[
{pkg_hash,[
 {<<"accept">>, <<"2505B60BCB992CA79BD03AB7B8FEC8A520A47D9730F286DF1A479CC98B03F94B">>},
 {<<"amqp_client">>, <<"BF8FD391A3FF02AE6FB8006F07900E22958C50A0A05B8B4856BBAF42F90FDAA2">>},
 {<<"antidote_crdt">>, <<"A92A5ED8918D87AD22557825743C6EAC69DD6089D536E1BF5F9AC80992FA97F8">>},
 {<<"antidote_pb_codec">>, <<"ECF51F08EE1FEE0D6E82D1B4AE68811A89660A3D65DB90694A84275683AEF106">>},
 {<<"antidotec_pb">>, <<"40CD2A0A5F63284E6BB46C84B9D806A7682C79117CFC96154082A4C80759DD01">>},
 {<<"elli">>, <<"7842861819869EBBFF7230BC77ECF2DF551AE3EAEF5FDE6B01A7561CACCB811E">>},
 {<<"elli_prometheus">>, <<"FF41EA8D88D1EBD1CD7A6D43FCC02B33B47FF20272C097B9D3A3CCCD79980C05">>},
 {<<"goldrush">>, <<"F06E5D5F1277DA5C413E84D5A2924174182FB108DABB39D5EC548B27424CD106">>},
 {<<"jsx">>, <<"D2F6E5F069C00266CAD52FB15D87C428579EA4D7D73A33669E12679E203329DD">>},
 {<<"lager">>, <<"387BCD836DC0C8AD9C6D90A0E0CE5B29676847950CBC527BCCC194A02028DE8E">>},
 {<<"poolboy">>, <<"392B007A1693A64540CEAD79830443ABF5762F5D30CF50BC95CB2C1AAAFA006B">>},
 {<<"prometheus">>, <<"1E96073B3ED7788053768FEA779CBC896DDC3BDD9BA60687F2AD50B252AC87D6">>},
 {<<"prometheus_process_collector">>, <<"657386E8F142FC817347D95C1F3A05AB08710F7DF9E7F86DB6FACAED107ED929">>},
 {<<"rabbit_common">>, <<"607741EFF927EC9FEB5D190C4624816C6DFCD6F49B1F8BAB1F753C9417D74141">>},
 {<<"ranch">>, <<"6B1FAB51B49196860B733A49C07604465A47BDB78AA10C1C16A3D199F7F8C881">>},
 {<<"recon">>, <<"901FF78B39C754FB4D6FD72DCF0DBD398967BBD2E4D59C08D4D7AA44A73DE91D">>},
 {<<"vectorclock">>, <<"6C4A9D44895F51BB99910DBE31FC691BF05FA6B2BF84986F6E3BDE4BD18F6CBA">>}]}
].
