{"1.2.0",
[{<<"antidote_crdt">>,
 {<<"antidotec_pb">>,{pkg,<<"antidotec_pb">>,<<"0.2.9">>},0},
 {<<"erlzmq">>,
  {git,"https://github.com/zeromq/erlzmq2",
       {ref,"573d583930c4b1134e504bec83926d188112b401"}},
  0},
 {<<"poolboy">>,{pkg,<<"poolboy">>,<<"1.5.2">>},1},
 {<<"ranch">>,{pkg,<<"ranch">>,<<"2.0.0">>},0},
 {<<"riak_core">>,{pkg,<<"riak_core_lite">>,<<"0.10.1">>},0}
 ]}.
[
{pkg_hash,[
 {<<"antidotec_pb">>, <<"40CD2A0A5F63284E6BB46C84B9D806A7682C79117CFC96154082A4C80759DD01">>},
 {<<"poolboy">>, <<"392B007A1693A64540CEAD79830443ABF5762F5D30CF50BC95CB2C1AAAFA006B">>},
 {<<"ranch">>, <<"FBF3D79661C071543256F9051CAF19D65DAA6DF1CF6824D8F37A49B19A66F703">>},
 {<<"riak_core">>, <<"B6ACADE9F1C0A1A75AA4FC76BFA9AB3221AE33DBF1F76B0F916BF8741E3B77CF">>}]},
{pkg_hash_ext,[
 {<<"antidotec_pb">>, <<"FEA4286BEEF84E65EA27983E65AD8347016F4657306D468224309C44AD28521C">>},
 {<<"poolboy">>, <<"DAD79704CE5440F3D5A3681C8590B9DC25D1A561E8F5A9C995281012860901E3">>},
 {<<"ranch">>, <<"C20A4840C7D6623C19812D3A7C828B2F1BD153EF0F124CB69C54FE51D8A42AE0">>},
 {<<"riak_core">>, <<"C30C1FEA3C6FC746D4515A9AF9BE8FA4C0789E6E20B0FD0C38FF118271CC3B41">>}]}
].
