{"1.2.0",
[{<<"accept">>,{pkg,<<"accept">>,<<"0.3.5">>},2},
 {<<"antidote_crdt">>,
  {path,"../antidote_crdt",{mtime,<<"2022-06-09T11:57:54Z">>}},
  0},
 {<<"antidote_pb_codec">>,
  {path,"../antidote_pb_codec",{mtime,<<"2022-06-09T15:29:04Z">>}},
  0},
 {<<"antidote_stats">>,
  {path,"../antidote_stats",{mtime,<<"2022-06-09T11:57:54Z">>}},
  0},
 {<<"elli">>,{pkg,<<"elli">>,<<"3.3.0">>},1},
 {<<"elli_prometheus">>,{pkg,<<"elli_prometheus">>,<<"0.2.0">>},1},
 {<<"erlzmq">>,
  {git,"https://github.com/zeromq/erlzmq2",
       {ref,"573d583930c4b1134e504bec83926d188112b401"}},
  0},
 {<<"poolboy">>,{pkg,<<"poolboy">>,<<"1.5.2">>},1},
 {<<"prometheus">>,{pkg,<<"prometheus">>,<<"4.8.1">>},1},
 {<<"prometheus_process_collector">>,
  {git,"https://github.com/deadtrickster/prometheus_process_collector.git",
       {ref,"78697537f01a858959a26a9c74db5aad2971b244"}},
  1},
 {<<"quantile_estimator">>,{pkg,<<"quantile_estimator">>,<<"0.2.1">>},2},
 {<<"ranch">>,{pkg,<<"ranch">>,<<"2.0.0">>},0},
 {<<"riak_core">>,{pkg,<<"riak_core_lite">>,<<"0.10.1">>},0},
 {<<"vectorclock">>,
  {path,"../vectorclock",{mtime,<<"2022-06-09T11:57:54Z">>}},
  0}]}.
[
{pkg_hash,[
 {<<"accept">>, <<"B33B127ABCA7CC948BBE6CAA4C263369ABF1347CFA9D8E699C6D214660F10CD1">>},
 {<<"elli">>, <<"089218762A7FF3D20AE81C8E911BD0F73EE4EE0ED85454226D1FC6B4FFF3B4F6">>},
 {<<"elli_prometheus">>, <<"FD2C34A024D52AED2E5C6DBB99CA749F846C844DA3C266B667E36A3D574BC9FB">>},
 {<<"poolboy">>, <<"392B007A1693A64540CEAD79830443ABF5762F5D30CF50BC95CB2C1AAAFA006B">>},
 {<<"prometheus">>, <<"FA76B152555273739C14B06F09F485CF6D5D301FE4E9D31B7FF803D26025D7A0">>},
 {<<"quantile_estimator">>, <<"EF50A361F11B5F26B5F16D0696E46A9E4661756492C981F7B2229EF42FF1CD15">>},
 {<<"ranch">>, <<"FBF3D79661C071543256F9051CAF19D65DAA6DF1CF6824D8F37A49B19A66F703">>},
 {<<"riak_core">>, <<"B6ACADE9F1C0A1A75AA4FC76BFA9AB3221AE33DBF1F76B0F916BF8741E3B77CF">>}]},
{pkg_hash_ext,[
 {<<"accept">>, <<"11B18C220BCC2EAB63B5470C038EF10EB6783BCB1FCDB11AA4137DEFA5AC1BB8">>},
 {<<"elli">>, <<"698B13B33D05661DB9FE7EFCBA41B84825A379CCE86E486CF6AFF9285BE0CCF8">>},
 {<<"elli_prometheus">>, <<"140F09B4B5368FF7D8E72CF1EE997B2AA149112FA7A07AE6A4251E144DDAE26F">>},
 {<<"poolboy">>, <<"DAD79704CE5440F3D5A3681C8590B9DC25D1A561E8F5A9C995281012860901E3">>},
 {<<"prometheus">>, <<"6EDFBE928D271C7F657A6F2C46258738086584BD6CAE4A000B8B9A6009BA23A5">>},
 {<<"quantile_estimator">>, <<"282A8A323CA2A845C9E6F787D166348F776C1D4A41EDE63046D72D422E3DA946">>},
 {<<"ranch">>, <<"C20A4840C7D6623C19812D3A7C828B2F1BD153EF0F124CB69C54FE51D8A42AE0">>},
 {<<"riak_core">>, <<"C30C1FEA3C6FC746D4515A9AF9BE8FA4C0789E6E20B0FD0C38FF118271CC3B41">>}]}
].
